
Microsoft Visual Studio Solution File, Format Version 12.00
# Visual Studio Version 16
VisualStudioVersion = 16.0.30523.141
MinimumVisualStudioVersion = 10.0.40219.1
Project("{FAE04EC0-301F-11D3-BF4B-00C04F79EFBC}") = "AlarmGest.Janelas", "AlarmGest.Janelas.csproj", "{D8679D81-F6E2-4798-AF8E-D5F901DF32C4}"
EndProject
Project("{FAE04EC0-301F-11D3-BF4B-00C04F79EFBC}") = "AlarmGest.Database", "..\AlarmGest_Database\AlarmGest.Database.csproj", "{025828C3-9328-43ED-862C-145170D22644}"
EndProject
Project("{FAE04EC0-301F-11D3-BF4B-00C04F79EFBC}") = "AlarmGest.Global", "..\AlarmGest.Global\AlarmGest.Global.csproj", "{95EC9CE6-28A8-4A19-A940-0FC73DE6C2DA}"
EndProject
Global
	GlobalSection(SolutionConfigurationPlatforms) = preSolution
		Debug|Any CPU = Debug|Any CPU
		Release|Any CPU = Release|Any CPU
	EndGlobalSection
	GlobalSection(ProjectConfigurationPlatforms) = postSolution
		{D8679D81-F6E2-4798-AF8E-D5F901DF32C4}.Debug|Any CPU.ActiveCfg = Debug|Any CPU
		{D8679D81-F6E2-4798-AF8E-D5F901DF32C4}.Debug|Any CPU.Build.0 = Debug|Any CPU
		{D8679D81-F6E2-4798-AF8E-D5F901DF32C4}.Release|Any CPU.ActiveCfg = Release|Any CPU
		{D8679D81-F6E2-4798-AF8E-D5F901DF32C4}.Release|Any CPU.Build.0 = Release|Any CPU
		{025828C3-9328-43ED-862C-145170D22644}.Debug|Any CPU.ActiveCfg = Debug|Any CPU
		{025828C3-9328-43ED-862C-145170D22644}.Debug|Any CPU.Build.0 = Debug|Any CPU
		{025828C3-9328-43ED-862C-145170D22644}.Release|Any CPU.ActiveCfg = Release|Any CPU
		{025828C3-9328-43ED-862C-145170D22644}.Release|Any CPU.Build.0 = Release|Any CPU
		{95EC9CE6-28A8-4A19-A940-0FC73DE6C2DA}.Debug|Any CPU.ActiveCfg = Debug|Any CPU
		{95EC9CE6-28A8-4A19-A940-0FC73DE6C2DA}.Debug|Any CPU.Build.0 = Debug|Any CPU
		{95EC9CE6-28A8-4A19-A940-0FC73DE6C2DA}.Release|Any CPU.ActiveCfg = Release|Any CPU
		{95EC9CE6-28A8-4A19-A940-0FC73DE6C2DA}.Release|Any CPU.Build.0 = Release|Any CPU
	EndGlobalSection
	GlobalSection(SolutionProperties) = preSolution
		HideSolutionNode = FALSE
	EndGlobalSection
	GlobalSection(ExtensibilityGlobals) = postSolution
		SolutionGuid = {623ABC1D-CDA9-4919-B1BE-40C37F40BF68}
	EndGlobalSection
EndGlobal
